
Microsoft Visual Studio Solution File, Format Version 12.00
# Visual Studio 15
VisualStudioVersion = 15.0.27703.2035
MinimumVisualStudioVersion = 10.0.40219.1
Project("{930C7802-8A8C-48F9-8165-68863BCCD9DD}") = "Setup", "Setup\Setup.wixproj", "{204D13C9-853E-450C-9749-921003C96B9F}"
EndProject
Global
	GlobalSection(SolutionConfigurationPlatforms) = preSolution
		Debug|x86 = Debug|x86
		Release|x86 = Release|x86
	EndGlobalSection
	GlobalSection(ProjectConfigurationPlatforms) = postSolution
		{204D13C9-853E-450C-9749-921003C96B9F}.Debug|x86.ActiveCfg = Debug|x86
		{204D13C9-853E-450C-9749-921003C96B9F}.Debug|x86.Build.0 = Debug|x86
		{204D13C9-853E-450C-9749-921003C96B9F}.Release|x86.ActiveCfg = Release|x86
		{204D13C9-853E-450C-9749-921003C96B9F}.Release|x86.Build.0 = Release|x86
	EndGlobalSection
	GlobalSection(SolutionProperties) = preSolution
		HideSolutionNode = FALSE
	EndGlobalSection
	GlobalSection(ExtensibilityGlobals) = postSolution
		SolutionGuid = {B7C22701-1680-4EB6-ACF8-848DC32316A5}
	EndGlobalSection
EndGlobal
